
Microsoft Visual Studio Solution File, Format Version 12.00
# Visual Studio Version 16
VisualStudioVersion = 16.0.29306.81
MinimumVisualStudioVersion = 10.0.40219.1
Project("{8BC9CEB8-8B4A-11D0-8D11-00A0C91BC942}") = "Task2", "Task2\Task2.vcxproj", "{5BCBED82-908A-4234-9DC5-79A32E9E4439}"
EndProject
Project("{8BC9CEB8-8B4A-11D0-8D11-00A0C91BC942}") = "Task3", "Task3\Task3.vcxproj", "{B4E57BA1-254C-47D9-8155-09AEA79195F8}"
EndProject
Project("{8BC9CEB8-8B4A-11D0-8D11-00A0C91BC942}") = "Task4", "Task4\Task4.vcxproj", "{D47CF642-5D89-4471-8AEB-788D34D126BB}"
EndProject
Project("{8BC9CEB8-8B4A-11D0-8D11-00A0C91BC942}") = "Task5", "Task5\Task5.vcxproj", "{F41A6250-1823-4AAC-8EEC-63FEF2E5DD12}"
EndProject
Project("{8BC9CEB8-8B4A-11D0-8D11-00A0C91BC942}") = "Task6", "Task6\Task6.vcxproj", "{9F62847F-63CD-4B30-973B-AB4C2008F21F}"
EndProject
Project("{8BC9CEB8-8B4A-11D0-8D11-00A0C91BC942}") = "Task1", "Task1\Task1.vcxproj", "{70F26131-CE2F-4BCD-A060-4EAB8F174CAA}"
EndProject
Project("{8BC9CEB8-8B4A-11D0-8D11-00A0C91BC942}") = "Task2_ED", "Task2_ED\Task2_ED.vcxproj", "{6EDD0AA5-563D-4D0C-9130-964089B36233}"
EndProject
Project("{8BC9CEB8-8B4A-11D0-8D11-00A0C91BC942}") = "Task4_ED", "Task4_ED\Task4_ED.vcxproj", "{F7538B7F-EBA5-426E-B55B-DEEDB4F73DCC}"
EndProject
Project("{8BC9CEB8-8B4A-11D0-8D11-00A0C91BC942}") = "Task5_ED", "Task5_ED\Task5_ED.vcxproj", "{C6BBA591-7692-4508-887F-8A82AEA0E20F}"
EndProject
Project("{8BC9CEB8-8B4A-11D0-8D11-00A0C91BC942}") = "Task6_ED", "Task6_ED\Task6_ED.vcxproj", "{56857E27-4C14-45D4-ACEA-4C2DC0536227}"
EndProject
Project("{8BC9CEB8-8B4A-11D0-8D11-00A0C91BC942}") = "Task2_Elv", "Task2_Elv\Task2_Elv.vcxproj", "{9B91B59F-9DF7-463F-B6C8-0082EC2E3192}"
EndProject
Project("{8BC9CEB8-8B4A-11D0-8D11-00A0C91BC942}") = "Task3_Elv", "Task3_Elv\Task3_Elv.vcxproj", "{300168BB-451B-4F53-9A6A-54C4DBD3BA13}"
EndProject
Project("{8BC9CEB8-8B4A-11D0-8D11-00A0C91BC942}") = "Task5_Elv", "Task5_Elv\Task5_Elv.vcxproj", "{02850F48-5999-4E5C-A3CC-F96A342ABBEC}"
EndProject
Project("{8BC9CEB8-8B4A-11D0-8D11-00A0C91BC942}") = "Task3_md", "TaskA_md\TaskA_md.vcxproj", "{9CC14AC6-D5E3-4D4E-9AB0-8D087386CBCD}"
EndProject
Project("{8BC9CEB8-8B4A-11D0-8D11-00A0C91BC942}") = "Task4_md", "Task4_md\Task4_md.vcxproj", "{90FC8E2C-0223-44E2-B31E-908943F8A89B}"
EndProject
Project("{8BC9CEB8-8B4A-11D0-8D11-00A0C91BC942}") = "Task3_Nata", "Task3_Nata\Task3_Nata.vcxproj", "{6DDE1126-2C0C-4381-B4B3-ED65A4425105}"
EndProject
Project("{8BC9CEB8-8B4A-11D0-8D11-00A0C91BC942}") = "Task4_Nata", "Task4_Nata\Task4_Nata.vcxproj", "{5FEBB8FA-9D7A-45E5-AB13-17385227A717}"
EndProject
Project("{8BC9CEB8-8B4A-11D0-8D11-00A0C91BC942}") = "Task5_Nata", "Task5_Nata\Task5_Nata.vcxproj", "{85F1631D-3B1E-44BE-90D0-6F348295DAC7}"
EndProject
Project("{8BC9CEB8-8B4A-11D0-8D11-00A0C91BC942}") = "Task1_Tim", "Task1_Tim\Task1_Tim.vcxproj", "{DD7D81DE-D38D-4632-B3EB-0BA599B7036F}"
EndProject
Project("{8BC9CEB8-8B4A-11D0-8D11-00A0C91BC942}") = "Task2_Tim", "Task2_Tim\Task2_Tim.vcxproj", "{27AE5B64-7640-4803-B578-BFE5C897673C}"
EndProject
Project("{8BC9CEB8-8B4A-11D0-8D11-00A0C91BC942}") = "Task3_Tim", "Task3_Tim\Task3_Tim.vcxproj", "{29FD07EE-60EA-4866-A487-8B4BF4F18F96}"
EndProject
Project("{8BC9CEB8-8B4A-11D0-8D11-00A0C91BC942}") = "Task4_Tim", "Task4_Tim\Task4_Tim.vcxproj", "{E5F27A59-C6CD-44AA-A2EF-F2402A87F812}"
EndProject
Project("{8BC9CEB8-8B4A-11D0-8D11-00A0C91BC942}") = "Task5_Tim", "Task5_Tim\Task5_Tim.vcxproj", "{D39F3155-BA27-4A27-A9C6-AAEC92BD224F}"
EndProject
Project("{8BC9CEB8-8B4A-11D0-8D11-00A0C91BC942}") = "Task6_Tim", "Task6_Tim\Task6_Tim.vcxproj", "{E976C46C-2175-4504-87E7-9995FA996EAE}"
EndProject
Global
	GlobalSection(SolutionConfigurationPlatforms) = preSolution
		Debug|x64 = Debug|x64
		Debug|x86 = Debug|x86
		Release|x64 = Release|x64
		Release|x86 = Release|x86
	EndGlobalSection
	GlobalSection(ProjectConfigurationPlatforms) = postSolution
		{5BCBED82-908A-4234-9DC5-79A32E9E4439}.Debug|x64.ActiveCfg = Debug|x64
		{5BCBED82-908A-4234-9DC5-79A32E9E4439}.Debug|x64.Build.0 = Debug|x64
		{5BCBED82-908A-4234-9DC5-79A32E9E4439}.Debug|x86.ActiveCfg = Debug|Win32
		{5BCBED82-908A-4234-9DC5-79A32E9E4439}.Debug|x86.Build.0 = Debug|Win32
		{5BCBED82-908A-4234-9DC5-79A32E9E4439}.Release|x64.ActiveCfg = Release|x64
		{5BCBED82-908A-4234-9DC5-79A32E9E4439}.Release|x64.Build.0 = Release|x64
		{5BCBED82-908A-4234-9DC5-79A32E9E4439}.Release|x86.ActiveCfg = Release|Win32
		{5BCBED82-908A-4234-9DC5-79A32E9E4439}.Release|x86.Build.0 = Release|Win32
		{B4E57BA1-254C-47D9-8155-09AEA79195F8}.Debug|x64.ActiveCfg = Debug|x64
		{B4E57BA1-254C-47D9-8155-09AEA79195F8}.Debug|x64.Build.0 = Debug|x64
		{B4E57BA1-254C-47D9-8155-09AEA79195F8}.Debug|x86.ActiveCfg = Debug|Win32
		{B4E57BA1-254C-47D9-8155-09AEA79195F8}.Debug|x86.Build.0 = Debug|Win32
		{B4E57BA1-254C-47D9-8155-09AEA79195F8}.Release|x64.ActiveCfg = Release|x64
		{B4E57BA1-254C-47D9-8155-09AEA79195F8}.Release|x64.Build.0 = Release|x64
		{B4E57BA1-254C-47D9-8155-09AEA79195F8}.Release|x86.ActiveCfg = Release|Win32
		{B4E57BA1-254C-47D9-8155-09AEA79195F8}.Release|x86.Build.0 = Release|Win32
		{D47CF642-5D89-4471-8AEB-788D34D126BB}.Debug|x64.ActiveCfg = Debug|x64
		{D47CF642-5D89-4471-8AEB-788D34D126BB}.Debug|x64.Build.0 = Debug|x64
		{D47CF642-5D89-4471-8AEB-788D34D126BB}.Debug|x86.ActiveCfg = Debug|Win32
		{D47CF642-5D89-4471-8AEB-788D34D126BB}.Debug|x86.Build.0 = Debug|Win32
		{D47CF642-5D89-4471-8AEB-788D34D126BB}.Release|x64.ActiveCfg = Release|x64
		{D47CF642-5D89-4471-8AEB-788D34D126BB}.Release|x64.Build.0 = Release|x64
		{D47CF642-5D89-4471-8AEB-788D34D126BB}.Release|x86.ActiveCfg = Release|Win32
		{D47CF642-5D89-4471-8AEB-788D34D126BB}.Release|x86.Build.0 = Release|Win32
		{F41A6250-1823-4AAC-8EEC-63FEF2E5DD12}.Debug|x64.ActiveCfg = Debug|x64
		{F41A6250-1823-4AAC-8EEC-63FEF2E5DD12}.Debug|x64.Build.0 = Debug|x64
		{F41A6250-1823-4AAC-8EEC-63FEF2E5DD12}.Debug|x86.ActiveCfg = Debug|Win32
		{F41A6250-1823-4AAC-8EEC-63FEF2E5DD12}.Debug|x86.Build.0 = Debug|Win32
		{F41A6250-1823-4AAC-8EEC-63FEF2E5DD12}.Release|x64.ActiveCfg = Release|x64
		{F41A6250-1823-4AAC-8EEC-63FEF2E5DD12}.Release|x64.Build.0 = Release|x64
		{F41A6250-1823-4AAC-8EEC-63FEF2E5DD12}.Release|x86.ActiveCfg = Release|Win32
		{F41A6250-1823-4AAC-8EEC-63FEF2E5DD12}.Release|x86.Build.0 = Release|Win32
		{9F62847F-63CD-4B30-973B-AB4C2008F21F}.Debug|x64.ActiveCfg = Debug|x64
		{9F62847F-63CD-4B30-973B-AB4C2008F21F}.Debug|x64.Build.0 = Debug|x64
		{9F62847F-63CD-4B30-973B-AB4C2008F21F}.Debug|x86.ActiveCfg = Debug|Win32
		{9F62847F-63CD-4B30-973B-AB4C2008F21F}.Debug|x86.Build.0 = Debug|Win32
		{9F62847F-63CD-4B30-973B-AB4C2008F21F}.Release|x64.ActiveCfg = Release|x64
		{9F62847F-63CD-4B30-973B-AB4C2008F21F}.Release|x64.Build.0 = Release|x64
		{9F62847F-63CD-4B30-973B-AB4C2008F21F}.Release|x86.ActiveCfg = Release|Win32
		{9F62847F-63CD-4B30-973B-AB4C2008F21F}.Release|x86.Build.0 = Release|Win32
		{70F26131-CE2F-4BCD-A060-4EAB8F174CAA}.Debug|x64.ActiveCfg = Debug|x64
		{70F26131-CE2F-4BCD-A060-4EAB8F174CAA}.Debug|x64.Build.0 = Debug|x64
		{70F26131-CE2F-4BCD-A060-4EAB8F174CAA}.Debug|x86.ActiveCfg = Debug|Win32
		{70F26131-CE2F-4BCD-A060-4EAB8F174CAA}.Debug|x86.Build.0 = Debug|Win32
		{70F26131-CE2F-4BCD-A060-4EAB8F174CAA}.Release|x64.ActiveCfg = Release|x64
		{70F26131-CE2F-4BCD-A060-4EAB8F174CAA}.Release|x64.Build.0 = Release|x64
		{70F26131-CE2F-4BCD-A060-4EAB8F174CAA}.Release|x86.ActiveCfg = Release|Win32
		{70F26131-CE2F-4BCD-A060-4EAB8F174CAA}.Release|x86.Build.0 = Release|Win32
		{6EDD0AA5-563D-4D0C-9130-964089B36233}.Debug|x64.ActiveCfg = Debug|x64
		{6EDD0AA5-563D-4D0C-9130-964089B36233}.Debug|x64.Build.0 = Debug|x64
		{6EDD0AA5-563D-4D0C-9130-964089B36233}.Debug|x86.ActiveCfg = Debug|Win32
		{6EDD0AA5-563D-4D0C-9130-964089B36233}.Debug|x86.Build.0 = Debug|Win32
		{6EDD0AA5-563D-4D0C-9130-964089B36233}.Release|x64.ActiveCfg = Release|x64
		{6EDD0AA5-563D-4D0C-9130-964089B36233}.Release|x64.Build.0 = Release|x64
		{6EDD0AA5-563D-4D0C-9130-964089B36233}.Release|x86.ActiveCfg = Release|Win32
		{6EDD0AA5-563D-4D0C-9130-964089B36233}.Release|x86.Build.0 = Release|Win32
		{F7538B7F-EBA5-426E-B55B-DEEDB4F73DCC}.Debug|x64.ActiveCfg = Debug|x64
		{F7538B7F-EBA5-426E-B55B-DEEDB4F73DCC}.Debug|x64.Build.0 = Debug|x64
		{F7538B7F-EBA5-426E-B55B-DEEDB4F73DCC}.Debug|x86.ActiveCfg = Debug|Win32
		{F7538B7F-EBA5-426E-B55B-DEEDB4F73DCC}.Debug|x86.Build.0 = Debug|Win32
		{F7538B7F-EBA5-426E-B55B-DEEDB4F73DCC}.Release|x64.ActiveCfg = Release|x64
		{F7538B7F-EBA5-426E-B55B-DEEDB4F73DCC}.Release|x64.Build.0 = Release|x64
		{F7538B7F-EBA5-426E-B55B-DEEDB4F73DCC}.Release|x86.ActiveCfg = Release|Win32
		{F7538B7F-EBA5-426E-B55B-DEEDB4F73DCC}.Release|x86.Build.0 = Release|Win32
		{C6BBA591-7692-4508-887F-8A82AEA0E20F}.Debug|x64.ActiveCfg = Debug|x64
		{C6BBA591-7692-4508-887F-8A82AEA0E20F}.Debug|x64.Build.0 = Debug|x64
		{C6BBA591-7692-4508-887F-8A82AEA0E20F}.Debug|x86.ActiveCfg = Debug|Win32
		{C6BBA591-7692-4508-887F-8A82AEA0E20F}.Debug|x86.Build.0 = Debug|Win32
		{C6BBA591-7692-4508-887F-8A82AEA0E20F}.Release|x64.ActiveCfg = Release|x64
		{C6BBA591-7692-4508-887F-8A82AEA0E20F}.Release|x64.Build.0 = Release|x64
		{C6BBA591-7692-4508-887F-8A82AEA0E20F}.Release|x86.ActiveCfg = Release|Win32
		{C6BBA591-7692-4508-887F-8A82AEA0E20F}.Release|x86.Build.0 = Release|Win32
		{56857E27-4C14-45D4-ACEA-4C2DC0536227}.Debug|x64.ActiveCfg = Debug|x64
		{56857E27-4C14-45D4-ACEA-4C2DC0536227}.Debug|x64.Build.0 = Debug|x64
		{56857E27-4C14-45D4-ACEA-4C2DC0536227}.Debug|x86.ActiveCfg = Debug|Win32
		{56857E27-4C14-45D4-ACEA-4C2DC0536227}.Debug|x86.Build.0 = Debug|Win32
		{56857E27-4C14-45D4-ACEA-4C2DC0536227}.Release|x64.ActiveCfg = Release|x64
		{56857E27-4C14-45D4-ACEA-4C2DC0536227}.Release|x64.Build.0 = Release|x64
		{56857E27-4C14-45D4-ACEA-4C2DC0536227}.Release|x86.ActiveCfg = Release|Win32
		{56857E27-4C14-45D4-ACEA-4C2DC0536227}.Release|x86.Build.0 = Release|Win32
		{9B91B59F-9DF7-463F-B6C8-0082EC2E3192}.Debug|x64.ActiveCfg = Debug|x64
		{9B91B59F-9DF7-463F-B6C8-0082EC2E3192}.Debug|x64.Build.0 = Debug|x64
		{9B91B59F-9DF7-463F-B6C8-0082EC2E3192}.Debug|x86.ActiveCfg = Debug|Win32
		{9B91B59F-9DF7-463F-B6C8-0082EC2E3192}.Debug|x86.Build.0 = Debug|Win32
		{9B91B59F-9DF7-463F-B6C8-0082EC2E3192}.Release|x64.ActiveCfg = Release|x64
		{9B91B59F-9DF7-463F-B6C8-0082EC2E3192}.Release|x64.Build.0 = Release|x64
		{9B91B59F-9DF7-463F-B6C8-0082EC2E3192}.Release|x86.ActiveCfg = Release|Win32
		{9B91B59F-9DF7-463F-B6C8-0082EC2E3192}.Release|x86.Build.0 = Release|Win32
		{300168BB-451B-4F53-9A6A-54C4DBD3BA13}.Debug|x64.ActiveCfg = Debug|x64
		{300168BB-451B-4F53-9A6A-54C4DBD3BA13}.Debug|x64.Build.0 = Debug|x64
		{300168BB-451B-4F53-9A6A-54C4DBD3BA13}.Debug|x86.ActiveCfg = Debug|Win32
		{300168BB-451B-4F53-9A6A-54C4DBD3BA13}.Debug|x86.Build.0 = Debug|Win32
		{300168BB-451B-4F53-9A6A-54C4DBD3BA13}.Release|x64.ActiveCfg = Release|x64
		{300168BB-451B-4F53-9A6A-54C4DBD3BA13}.Release|x64.Build.0 = Release|x64
		{300168BB-451B-4F53-9A6A-54C4DBD3BA13}.Release|x86.ActiveCfg = Release|Win32
		{300168BB-451B-4F53-9A6A-54C4DBD3BA13}.Release|x86.Build.0 = Release|Win32
		{02850F48-5999-4E5C-A3CC-F96A342ABBEC}.Debug|x64.ActiveCfg = Debug|x64
		{02850F48-5999-4E5C-A3CC-F96A342ABBEC}.Debug|x64.Build.0 = Debug|x64
		{02850F48-5999-4E5C-A3CC-F96A342ABBEC}.Debug|x86.ActiveCfg = Debug|Win32
		{02850F48-5999-4E5C-A3CC-F96A342ABBEC}.Debug|x86.Build.0 = Debug|Win32
		{02850F48-5999-4E5C-A3CC-F96A342ABBEC}.Release|x64.ActiveCfg = Release|x64
		{02850F48-5999-4E5C-A3CC-F96A342ABBEC}.Release|x64.Build.0 = Release|x64
		{02850F48-5999-4E5C-A3CC-F96A342ABBEC}.Release|x86.ActiveCfg = Release|Win32
		{02850F48-5999-4E5C-A3CC-F96A342ABBEC}.Release|x86.Build.0 = Release|Win32
		{9CC14AC6-D5E3-4D4E-9AB0-8D087386CBCD}.Debug|x64.ActiveCfg = Debug|x64
		{9CC14AC6-D5E3-4D4E-9AB0-8D087386CBCD}.Debug|x64.Build.0 = Debug|x64
		{9CC14AC6-D5E3-4D4E-9AB0-8D087386CBCD}.Debug|x86.ActiveCfg = Debug|Win32
		{9CC14AC6-D5E3-4D4E-9AB0-8D087386CBCD}.Debug|x86.Build.0 = Debug|Win32
		{9CC14AC6-D5E3-4D4E-9AB0-8D087386CBCD}.Release|x64.ActiveCfg = Release|x64
		{9CC14AC6-D5E3-4D4E-9AB0-8D087386CBCD}.Release|x64.Build.0 = Release|x64
		{9CC14AC6-D5E3-4D4E-9AB0-8D087386CBCD}.Release|x86.ActiveCfg = Release|Win32
		{9CC14AC6-D5E3-4D4E-9AB0-8D087386CBCD}.Release|x86.Build.0 = Release|Win32
		{90FC8E2C-0223-44E2-B31E-908943F8A89B}.Debug|x64.ActiveCfg = Debug|x64
		{90FC8E2C-0223-44E2-B31E-908943F8A89B}.Debug|x64.Build.0 = Debug|x64
		{90FC8E2C-0223-44E2-B31E-908943F8A89B}.Debug|x86.ActiveCfg = Debug|Win32
		{90FC8E2C-0223-44E2-B31E-908943F8A89B}.Debug|x86.Build.0 = Debug|Win32
		{90FC8E2C-0223-44E2-B31E-908943F8A89B}.Release|x64.ActiveCfg = Release|x64
		{90FC8E2C-0223-44E2-B31E-908943F8A89B}.Release|x64.Build.0 = Release|x64
		{90FC8E2C-0223-44E2-B31E-908943F8A89B}.Release|x86.ActiveCfg = Release|Win32
		{90FC8E2C-0223-44E2-B31E-908943F8A89B}.Release|x86.Build.0 = Release|Win32
		{6DDE1126-2C0C-4381-B4B3-ED65A4425105}.Debug|x64.ActiveCfg = Debug|x64
		{6DDE1126-2C0C-4381-B4B3-ED65A4425105}.Debug|x64.Build.0 = Debug|x64
		{6DDE1126-2C0C-4381-B4B3-ED65A4425105}.Debug|x86.ActiveCfg = Debug|Win32
		{6DDE1126-2C0C-4381-B4B3-ED65A4425105}.Debug|x86.Build.0 = Debug|Win32
		{6DDE1126-2C0C-4381-B4B3-ED65A4425105}.Release|x64.ActiveCfg = Release|x64
		{6DDE1126-2C0C-4381-B4B3-ED65A4425105}.Release|x64.Build.0 = Release|x64
		{6DDE1126-2C0C-4381-B4B3-ED65A4425105}.Release|x86.ActiveCfg = Release|Win32
		{6DDE1126-2C0C-4381-B4B3-ED65A4425105}.Release|x86.Build.0 = Release|Win32
		{5FEBB8FA-9D7A-45E5-AB13-17385227A717}.Debug|x64.ActiveCfg = Debug|x64
		{5FEBB8FA-9D7A-45E5-AB13-17385227A717}.Debug|x64.Build.0 = Debug|x64
		{5FEBB8FA-9D7A-45E5-AB13-17385227A717}.Debug|x86.ActiveCfg = Debug|Win32
		{5FEBB8FA-9D7A-45E5-AB13-17385227A717}.Debug|x86.Build.0 = Debug|Win32
		{5FEBB8FA-9D7A-45E5-AB13-17385227A717}.Release|x64.ActiveCfg = Release|x64
		{5FEBB8FA-9D7A-45E5-AB13-17385227A717}.Release|x64.Build.0 = Release|x64
		{5FEBB8FA-9D7A-45E5-AB13-17385227A717}.Release|x86.ActiveCfg = Release|Win32
		{5FEBB8FA-9D7A-45E5-AB13-17385227A717}.Release|x86.Build.0 = Release|Win32
		{85F1631D-3B1E-44BE-90D0-6F348295DAC7}.Debug|x64.ActiveCfg = Debug|x64
		{85F1631D-3B1E-44BE-90D0-6F348295DAC7}.Debug|x64.Build.0 = Debug|x64
		{85F1631D-3B1E-44BE-90D0-6F348295DAC7}.Debug|x86.ActiveCfg = Debug|Win32
		{85F1631D-3B1E-44BE-90D0-6F348295DAC7}.Debug|x86.Build.0 = Debug|Win32
		{85F1631D-3B1E-44BE-90D0-6F348295DAC7}.Release|x64.ActiveCfg = Release|x64
		{85F1631D-3B1E-44BE-90D0-6F348295DAC7}.Release|x64.Build.0 = Release|x64
		{85F1631D-3B1E-44BE-90D0-6F348295DAC7}.Release|x86.ActiveCfg = Release|Win32
		{85F1631D-3B1E-44BE-90D0-6F348295DAC7}.Release|x86.Build.0 = Release|Win32
		{DD7D81DE-D38D-4632-B3EB-0BA599B7036F}.Debug|x64.ActiveCfg = Debug|x64
		{DD7D81DE-D38D-4632-B3EB-0BA599B7036F}.Debug|x64.Build.0 = Debug|x64
		{DD7D81DE-D38D-4632-B3EB-0BA599B7036F}.Debug|x86.ActiveCfg = Debug|Win32
		{DD7D81DE-D38D-4632-B3EB-0BA599B7036F}.Debug|x86.Build.0 = Debug|Win32
		{DD7D81DE-D38D-4632-B3EB-0BA599B7036F}.Release|x64.ActiveCfg = Release|x64
		{DD7D81DE-D38D-4632-B3EB-0BA599B7036F}.Release|x64.Build.0 = Release|x64
		{DD7D81DE-D38D-4632-B3EB-0BA599B7036F}.Release|x86.ActiveCfg = Release|Win32
		{DD7D81DE-D38D-4632-B3EB-0BA599B7036F}.Release|x86.Build.0 = Release|Win32
		{27AE5B64-7640-4803-B578-BFE5C897673C}.Debug|x64.ActiveCfg = Debug|x64
		{27AE5B64-7640-4803-B578-BFE5C897673C}.Debug|x64.Build.0 = Debug|x64
		{27AE5B64-7640-4803-B578-BFE5C897673C}.Debug|x86.ActiveCfg = Debug|Win32
		{27AE5B64-7640-4803-B578-BFE5C897673C}.Debug|x86.Build.0 = Debug|Win32
		{27AE5B64-7640-4803-B578-BFE5C897673C}.Release|x64.ActiveCfg = Release|x64
		{27AE5B64-7640-4803-B578-BFE5C897673C}.Release|x64.Build.0 = Release|x64
		{27AE5B64-7640-4803-B578-BFE5C897673C}.Release|x86.ActiveCfg = Release|Win32
		{27AE5B64-7640-4803-B578-BFE5C897673C}.Release|x86.Build.0 = Release|Win32
		{29FD07EE-60EA-4866-A487-8B4BF4F18F96}.Debug|x64.ActiveCfg = Debug|x64
		{29FD07EE-60EA-4866-A487-8B4BF4F18F96}.Debug|x64.Build.0 = Debug|x64
		{29FD07EE-60EA-4866-A487-8B4BF4F18F96}.Debug|x86.ActiveCfg = Debug|Win32
		{29FD07EE-60EA-4866-A487-8B4BF4F18F96}.Debug|x86.Build.0 = Debug|Win32
		{29FD07EE-60EA-4866-A487-8B4BF4F18F96}.Release|x64.ActiveCfg = Release|x64
		{29FD07EE-60EA-4866-A487-8B4BF4F18F96}.Release|x64.Build.0 = Release|x64
		{29FD07EE-60EA-4866-A487-8B4BF4F18F96}.Release|x86.ActiveCfg = Release|Win32
		{29FD07EE-60EA-4866-A487-8B4BF4F18F96}.Release|x86.Build.0 = Release|Win32
		{E5F27A59-C6CD-44AA-A2EF-F2402A87F812}.Debug|x64.ActiveCfg = Debug|x64
		{E5F27A59-C6CD-44AA-A2EF-F2402A87F812}.Debug|x64.Build.0 = Debug|x64
		{E5F27A59-C6CD-44AA-A2EF-F2402A87F812}.Debug|x86.ActiveCfg = Debug|Win32
		{E5F27A59-C6CD-44AA-A2EF-F2402A87F812}.Debug|x86.Build.0 = Debug|Win32
		{E5F27A59-C6CD-44AA-A2EF-F2402A87F812}.Release|x64.ActiveCfg = Release|x64
		{E5F27A59-C6CD-44AA-A2EF-F2402A87F812}.Release|x64.Build.0 = Release|x64
		{E5F27A59-C6CD-44AA-A2EF-F2402A87F812}.Release|x86.ActiveCfg = Release|Win32
		{E5F27A59-C6CD-44AA-A2EF-F2402A87F812}.Release|x86.Build.0 = Release|Win32
		{D39F3155-BA27-4A27-A9C6-AAEC92BD224F}.Debug|x64.ActiveCfg = Debug|x64
		{D39F3155-BA27-4A27-A9C6-AAEC92BD224F}.Debug|x64.Build.0 = Debug|x64
		{D39F3155-BA27-4A27-A9C6-AAEC92BD224F}.Debug|x86.ActiveCfg = Debug|Win32
		{D39F3155-BA27-4A27-A9C6-AAEC92BD224F}.Debug|x86.Build.0 = Debug|Win32
		{D39F3155-BA27-4A27-A9C6-AAEC92BD224F}.Release|x64.ActiveCfg = Release|x64
		{D39F3155-BA27-4A27-A9C6-AAEC92BD224F}.Release|x64.Build.0 = Release|x64
		{D39F3155-BA27-4A27-A9C6-AAEC92BD224F}.Release|x86.ActiveCfg = Release|Win32
		{D39F3155-BA27-4A27-A9C6-AAEC92BD224F}.Release|x86.Build.0 = Release|Win32
		{E976C46C-2175-4504-87E7-9995FA996EAE}.Debug|x64.ActiveCfg = Debug|x64
		{E976C46C-2175-4504-87E7-9995FA996EAE}.Debug|x64.Build.0 = Debug|x64
		{E976C46C-2175-4504-87E7-9995FA996EAE}.Debug|x86.ActiveCfg = Debug|Win32
		{E976C46C-2175-4504-87E7-9995FA996EAE}.Debug|x86.Build.0 = Debug|Win32
		{E976C46C-2175-4504-87E7-9995FA996EAE}.Release|x64.ActiveCfg = Release|x64
		{E976C46C-2175-4504-87E7-9995FA996EAE}.Release|x64.Build.0 = Release|x64
		{E976C46C-2175-4504-87E7-9995FA996EAE}.Release|x86.ActiveCfg = Release|Win32
		{E976C46C-2175-4504-87E7-9995FA996EAE}.Release|x86.Build.0 = Release|Win32
	EndGlobalSection
	GlobalSection(SolutionProperties) = preSolution
		HideSolutionNode = FALSE
	EndGlobalSection
	GlobalSection(ExtensibilityGlobals) = postSolution
		SolutionGuid = {F6D737A5-47F3-4B5A-B33F-D62862E9645E}
	EndGlobalSection
EndGlobal
